// !$*UTF8*$!
{
	archiveVersion = 1;
	classes = {
	};
	objectVersion = 50;
	objects = {

/* Begin PBXBuildFile section */
		A54F6C79219D9DBE0028723A /* myCell.swift in Sources */ = {isa = PBXBuildFile; fileRef = A54F6C78219D9DBE0028723A /* myCell.swift */; };
		A54F6C7D219DB1DC0028723A /* FacultyVC.swift in Sources */ = {isa = PBXBuildFile; fileRef = A54F6C7C219DB1DC0028723A /* FacultyVC.swift */; };
		A54F6C7F219DB3F30028723A /* facultyTitle.png in Resources */ = {isa = PBXBuildFile; fileRef = A54F6C7E219DB3F20028723A /* facultyTitle.png */; };
		A54F6C9B219DB5D90028723A /* Dr. Chim T.W..jpg in Resources */ = {isa = PBXBuildFile; fileRef = A54F6C81219DB5D80028723A /* Dr. Chim T.W..jpg */; };
		A54F6C9C219DB5D90028723A /* Prof. Lam T.W..jpg in Resources */ = {isa = PBXBuildFile; fileRef = A54F6C82219DB5D80028723A /* Prof. Lam T.W..jpg */; };
		A54F6C9D219DB5D90028723A /* Dr. Wong K.K.Y..jpg in Resources */ = {isa = PBXBuildFile; fileRef = A54F6C83219DB5D80028723A /* Dr. Wong K.K.Y..jpg */; };
		A54F6C9E219DB5D90028723A /* Dr. Schnieders D..jpg in Resources */ = {isa = PBXBuildFile; fileRef = A54F6C84219DB5D80028723A /* Dr. Schnieders D..jpg */; };
		A54F6C9F219DB5D90028723A /* Dr. Pun K.K.H..jpg in Resources */ = {isa = PBXBuildFile; fileRef = A54F6C85219DB5D80028723A /* Dr. Pun K.K.H..jpg */; };
		A54F6CA0219DB5D90028723A /* Dr. Lau V.M.K..jpg in Resources */ = {isa = PBXBuildFile; fileRef = A54F6C86219DB5D80028723A /* Dr. Lau V.M.K..jpg */; };
		A54F6CA1219DB5D90028723A /* Dr. Chung H.Y..jpg in Resources */ = {isa = PBXBuildFile; fileRef = A54F6C87219DB5D80028723A /* Dr. Chung H.Y..jpg */; };
		A54F6CA2219DB5D90028723A /* Prof. Cheung D.W.L..jpg in Resources */ = {isa = PBXBuildFile; fileRef = A54F6C88219DB5D80028723A /* Prof. Cheung D.W.L..jpg */; };
		A54F6CA3219DB5D90028723A /* Prof. Wang W..jpg in Resources */ = {isa = PBXBuildFile; fileRef = A54F6C89219DB5D80028723A /* Prof. Wang W..jpg */; };
		A54F6CA4219DB5D90028723A /* Mr. Ng P.T.L..jpg in Resources */ = {isa = PBXBuildFile; fileRef = A54F6C8A219DB5D80028723A /* Mr. Ng P.T.L..jpg */; };
		A54F6CA5219DB5D90028723A /* Prof. Tse T.H..jpg in Resources */ = {isa = PBXBuildFile; fileRef = A54F6C8B219DB5D80028723A /* Prof. Tse T.H..jpg */; };
		A54F6CA6219DB5D90028723A /* Dr. Chow K.P..jpg in Resources */ = {isa = PBXBuildFile; fileRef = A54F6C8C219DB5D80028723A /* Dr. Chow K.P..jpg */; };
		A54F6CA7219DB5D90028723A /* Dr. Yiu S.M..jpg in Resources */ = {isa = PBXBuildFile; fileRef = A54F6C8D219DB5D80028723A /* Dr. Yiu S.M..jpg */; };
		A54F6CA8219DB5D90028723A /* Dr. Tam A.T.C..jpg in Resources */ = {isa = PBXBuildFile; fileRef = A54F6C8E219DB5D80028723A /* Dr. Tam A.T.C..jpg */; };
		A54F6CA9219DB5D90028723A /* Prof. White B..jpg in Resources */ = {isa = PBXBuildFile; fileRef = A54F6C8F219DB5D80028723A /* Prof. White B..jpg */; };
		A54F6CAA219DB5D90028723A /* Dr. Ting H.F..jpg in Resources */ = {isa = PBXBuildFile; fileRef = A54F6C90219DB5D80028723A /* Dr. Ting H.F..jpg */; };
		A54F6CAB219DB5D90028723A /* Dr. Yiu S.W..jpg in Resources */ = {isa = PBXBuildFile; fileRef = A54F6C91219DB5D80028723A /* Dr. Yiu S.W..jpg */; };
		A54F6CAC219DB5D90028723A /* Prof. Kao B.C.M..jpg in Resources */ = {isa = PBXBuildFile; fileRef = A54F6C92219DB5D80028723A /* Prof. Kao B.C.M..jpg */; };
		A54F6CAD219DB5D90028723A /* Dr. Cheng R.C.K..jpg in Resources */ = {isa = PBXBuildFile; fileRef = A54F6C93219DB5D80028723A /* Dr. Cheng R.C.K..jpg */; };
		A54F6CAE219DB5D90028723A /* Dr. Wu C..jpg in Resources */ = {isa = PBXBuildFile; fileRef = A54F6C94219DB5D80028723A /* Dr. Wu C..jpg */; };
		A54F6CAF219DB5D90028723A /* Dr. Chan H.T.H..jpg in Resources */ = {isa = PBXBuildFile; fileRef = A54F6C95219DB5D80028723A /* Dr. Chan H.T.H..jpg */; };
		A54F6CB0219DB5D90028723A /* Dr. Rahmel J.H..jpg in Resources */ = {isa = PBXBuildFile; fileRef = A54F6C96219DB5D80028723A /* Dr. Rahmel J.H..jpg */; };
		A54F6CB1219DB5D90028723A /* Dr. Chan K.P..jpg in Resources */ = {isa = PBXBuildFile; fileRef = A54F6C97219DB5D80028723A /* Dr. Chan K.P..jpg */; };
		A54F6CB2219DB5D90028723A /* Prof. Lau F.C.M..jpg in Resources */ = {isa = PBXBuildFile; fileRef = A54F6C98219DB5D80028723A /* Prof. Lau F.C.M..jpg */; };
		A54F6CB3219DB5D90028723A /* Mr. Mitcheson, G..jpg in Resources */ = {isa = PBXBuildFile; fileRef = A54F6C99219DB5D80028723A /* Mr. Mitcheson, G..jpg */; };
		A54F6CB4219DB5D90028723A /* Dr. Choi L.Y.K..jpg in Resources */ = {isa = PBXBuildFile; fileRef = A54F6C9A219DB5D80028723A /* Dr. Choi L.Y.K..jpg */; };
		A54F6CB6219E84D10028723A /* facultyCell.swift in Sources */ = {isa = PBXBuildFile; fileRef = A54F6CB5219E84D10028723A /* facultyCell.swift */; };
		A54F6CB8219EA50A0028723A /* adminVC.swift in Sources */ = {isa = PBXBuildFile; fileRef = A54F6CB7219EA50A0028723A /* adminVC.swift */; };
		A54F6CBA219EAE650028723A /* Nav_lv2-Admission.jpg in Resources */ = {isa = PBXBuildFile; fileRef = A54F6CB9219EAE640028723A /* Nav_lv2-Admission.jpg */; };
		A54F6CBC219EB1930028723A /* tbCell.swift in Sources */ = {isa = PBXBuildFile; fileRef = A54F6CBB219EB1930028723A /* tbCell.swift */; };
		A5BECBAA219F058B00DEC21C /* timeTable.png in Resources */ = {isa = PBXBuildFile; fileRef = A5BECBA9219F058800DEC21C /* timeTable.png */; };
		A5BECBAC219F076100DEC21C /* adApplicationVC.swift in Sources */ = {isa = PBXBuildFile; fileRef = A5BECBAB219F076100DEC21C /* adApplicationVC.swift */; };
		A5D2131F219EE92C002000E4 /* Nav_lv2-Curriculum.jpg in Resources */ = {isa = PBXBuildFile; fileRef = A5D2131E219EE92B002000E4 /* Nav_lv2-Curriculum.jpg */; };
		A5D21327219EEE28002000E4 /* compFee.png in Resources */ = {isa = PBXBuildFile; fileRef = A5D21321219EEE26002000E4 /* compFee.png */; };
		A5D21328219EEE28002000E4 /* wordsSG.png in Resources */ = {isa = PBXBuildFile; fileRef = A5D21322219EEE26002000E4 /* wordsSG.png */; };
		A5D2132A219EEE28002000E4 /* infoSess.png in Resources */ = {isa = PBXBuildFile; fileRef = A5D21324219EEE26002000E4 /* infoSess.png */; };
		A5D2132B219EEE28002000E4 /* fAq.png in Resources */ = {isa = PBXBuildFile; fileRef = A5D21325219EEE26002000E4 /* fAq.png */; };
		A5D2132C219EEE28002000E4 /* appProce.png in Resources */ = {isa = PBXBuildFile; fileRef = A5D21326219EEE26002000E4 /* appProce.png */; };
		A5D2132E219EF442002000E4 /* adminPopVC.swift in Sources */ = {isa = PBXBuildFile; fileRef = A5D2132D219EF442002000E4 /* adminPopVC.swift */; };
		A5D21330219EF565002000E4 /* adRequire.swift in Sources */ = {isa = PBXBuildFile; fileRef = A5D2132F219EF565002000E4 /* adRequire.swift */; };
		A5D21332219EF845002000E4 /* adRequire.png in Resources */ = {isa = PBXBuildFile; fileRef = A5D21331219EF844002000E4 /* adRequire.png */; };
		A5F227F82192E7F800C5189F /* DirectorViewController.swift in Sources */ = {isa = PBXBuildFile; fileRef = A5F227F72192E7F800C5189F /* DirectorViewController.swift */; };
		A5F227FA2192EFA600C5189F /* MapViewController.swift in Sources */ = {isa = PBXBuildFile; fileRef = A5F227F92192EFA600C5189F /* MapViewController.swift */; };
		A5F227FD2192F51600C5189F /* DesignableButton.swift in Sources */ = {isa = PBXBuildFile; fileRef = A5F227FC2192F51600C5189F /* DesignableButton.swift */; };
		A5F227FF21930DB800C5189F /* DesignableView.swift in Sources */ = {isa = PBXBuildFile; fileRef = A5F227FE21930DB800C5189F /* DesignableView.swift */; };
		A5F228032193110A00C5189F /* ProfInfoVC.swift in Sources */ = {isa = PBXBuildFile; fileRef = A5F228022193110A00C5189F /* ProfInfoVC.swift */; };
		A5F7AC9E219170AC006DC855 /* AppDelegate.swift in Sources */ = {isa = PBXBuildFile; fileRef = A5F7AC9D219170AC006DC855 /* AppDelegate.swift */; };
		A5F7ACA5219170AC006DC855 /* Main.storyboard in Resources */ = {isa = PBXBuildFile; fileRef = A5F7ACA3219170AC006DC855 /* Main.storyboard */; };
		A5F7ACA7219170AE006DC855 /* Assets.xcassets in Resources */ = {isa = PBXBuildFile; fileRef = A5F7ACA6219170AE006DC855 /* Assets.xcassets */; };
		A5F7ACAA219170AE006DC855 /* LaunchScreen.storyboard in Resources */ = {isa = PBXBuildFile; fileRef = A5F7ACA8219170AE006DC855 /* LaunchScreen.storyboard */; };
		A5F7ACB5219170AE006DC855 /* HKUAppTests.swift in Sources */ = {isa = PBXBuildFile; fileRef = A5F7ACB4219170AE006DC855 /* HKUAppTests.swift */; };
		A5F7ACC0219170AE006DC855 /* HKUAppUITests.swift in Sources */ = {isa = PBXBuildFile; fileRef = A5F7ACBF219170AE006DC855 /* HKUAppUITests.swift */; };
		A5F7ACF221919767006DC855 /* WangCL.jpg in Resources */ = {isa = PBXBuildFile; fileRef = A5F7ACEC21919766006DC855 /* WangCL.jpg */; };
		A5F7ACF321919767006DC855 /* YiuSM.jpg in Resources */ = {isa = PBXBuildFile; fileRef = A5F7ACED21919766006DC855 /* YiuSM.jpg */; };
		A5F7ACF421919767006DC855 /* home_about.jpg in Resources */ = {isa = PBXBuildFile; fileRef = A5F7ACEE21919766006DC855 /* home_about.jpg */; };
		A5F7ACF521919767006DC855 /* faculty.jpg in Resources */ = {isa = PBXBuildFile; fileRef = A5F7ACEF21919766006DC855 /* faculty.jpg */; };
		A5F7ACF621919767006DC855 /* director.jpg in Resources */ = {isa = PBXBuildFile; fileRef = A5F7ACF021919766006DC855 /* director.jpg */; };
		A5F7ACF721919767006DC855 /* SchD.jpg in Resources */ = {isa = PBXBuildFile; fileRef = A5F7ACF121919766006DC855 /* SchD.jpg */; };
		A5F7ACFD21927ECB006DC855 /* BaseViewController.swift in Sources */ = {isa = PBXBuildFile; fileRef = A5F7ACFC21927ECB006DC855 /* BaseViewController.swift */; };
		A5F7ACFF21927F9B006DC855 /* MenuViewController.swift in Sources */ = {isa = PBXBuildFile; fileRef = A5F7ACFE21927F9B006DC855 /* MenuViewController.swift */; };
		A5F7AD0121928200006DC855 /* HomeViewController.swift in Sources */ = {isa = PBXBuildFile; fileRef = A5F7AD0021928200006DC855 /* HomeViewController.swift */; };
		A5F7AD032192946B006DC855 /* DetailViewController.swift in Sources */ = {isa = PBXBuildFile; fileRef = A5F7AD022192946B006DC855 /* DetailViewController.swift */; };
		A5F7AD07219299DE006DC855 /* aboutTabController.swift in Sources */ = {isa = PBXBuildFile; fileRef = A5F7AD06219299DE006DC855 /* aboutTabController.swift */; };
		A5F7AD092192B4DB006DC855 /* Slider1.jpg in Resources */ = {isa = PBXBuildFile; fileRef = A5F7AD082192B4DA006DC855 /* Slider1.jpg */; };
		A5F7AD0D2192C032006DC855 /* MScDarkLogo.png in Resources */ = {isa = PBXBuildFile; fileRef = A5F7AD0C2192C032006DC855 /* MScDarkLogo.png */; };
		A5F7AD0F2192C533006DC855 /* mfpd.JPG in Resources */ = {isa = PBXBuildFile; fileRef = A5F7AD0E2192C533006DC855 /* mfpd.JPG */; };
		A5F7AD112192CB09006DC855 /* ChowKP-Square.jpg in Resources */ = {isa = PBXBuildFile; fileRef = A5F7AD102192CB09006DC855 /* ChowKP-Square.jpg */; };
		A5F7AD132192E0AA006DC855 /* WhyHKU.jpg in Resources */ = {isa = PBXBuildFile; fileRef = A5F7AD122192E0A9006DC855 /* WhyHKU.jpg */; };
/* End PBXBuildFile section */

/* Begin PBXContainerItemProxy section */
		A5F7ACB1219170AE006DC855 /* PBXContainerItemProxy */ = {
			isa = PBXContainerItemProxy;
			containerPortal = A5F7AC92219170AC006DC855 /* Project object */;
			proxyType = 1;
			remoteGlobalIDString = A5F7AC99219170AC006DC855;
			remoteInfo = HKUApp;
		};
		A5F7ACBC219170AE006DC855 /* PBXContainerItemProxy */ = {
			isa = PBXContainerItemProxy;
			containerPortal = A5F7AC92219170AC006DC855 /* Project object */;
			proxyType = 1;
			remoteGlobalIDString = A5F7AC99219170AC006DC855;
			remoteInfo = HKUApp;
		};
/* End PBXContainerItemProxy section */

/* Begin PBXFileReference section */
		A54F6C78219D9DBE0028723A /* myCell.swift */ = {isa = PBXFileReference; lastKnownFileType = sourcecode.swift; path = myCell.swift; sourceTree = "<group>"; };
		A54F6C7C219DB1DC0028723A /* FacultyVC.swift */ = {isa = PBXFileReference; lastKnownFileType = sourcecode.swift; path = FacultyVC.swift; sourceTree = "<group>"; };
		A54F6C7E219DB3F20028723A /* facultyTitle.png */ = {isa = PBXFileReference; lastKnownFileType = image.png; path = facultyTitle.png; sourceTree = "<group>"; };
		A54F6C81219DB5D80028723A /* Dr. Chim T.W..jpg */ = {isa = PBXFileReference; lastKnownFileType = image.jpeg; path = "Dr. Chim T.W..jpg"; sourceTree = "<group>"; };
		A54F6C82219DB5D80028723A /* Prof. Lam T.W..jpg */ = {isa = PBXFileReference; lastKnownFileType = image.jpeg; path = "Prof. Lam T.W..jpg"; sourceTree = "<group>"; };
		A54F6C83219DB5D80028723A /* Dr. Wong K.K.Y..jpg */ = {isa = PBXFileReference; lastKnownFileType = image.jpeg; path = "Dr. Wong K.K.Y..jpg"; sourceTree = "<group>"; };
		A54F6C84219DB5D80028723A /* Dr. Schnieders D..jpg */ = {isa = PBXFileReference; lastKnownFileType = image.jpeg; path = "Dr. Schnieders D..jpg"; sourceTree = "<group>"; };
		A54F6C85219DB5D80028723A /* Dr. Pun K.K.H..jpg */ = {isa = PBXFileReference; lastKnownFileType = image.jpeg; path = "Dr. Pun K.K.H..jpg"; sourceTree = "<group>"; };
		A54F6C86219DB5D80028723A /* Dr. Lau V.M.K..jpg */ = {isa = PBXFileReference; lastKnownFileType = image.jpeg; path = "Dr. Lau V.M.K..jpg"; sourceTree = "<group>"; };
		A54F6C87219DB5D80028723A /* Dr. Chung H.Y..jpg */ = {isa = PBXFileReference; lastKnownFileType = image.jpeg; path = "Dr. Chung H.Y..jpg"; sourceTree = "<group>"; };
		A54F6C88219DB5D80028723A /* Prof. Cheung D.W.L..jpg */ = {isa = PBXFileReference; lastKnownFileType = image.jpeg; path = "Prof. Cheung D.W.L..jpg"; sourceTree = "<group>"; };
		A54F6C89219DB5D80028723A /* Prof. Wang W..jpg */ = {isa = PBXFileReference; lastKnownFileType = image.jpeg; path = "Prof. Wang W..jpg"; sourceTree = "<group>"; };
		A54F6C8A219DB5D80028723A /* Mr. Ng P.T.L..jpg */ = {isa = PBXFileReference; lastKnownFileType = image.jpeg; path = "Mr. Ng P.T.L..jpg"; sourceTree = "<group>"; };
		A54F6C8B219DB5D80028723A /* Prof. Tse T.H..jpg */ = {isa = PBXFileReference; lastKnownFileType = image.jpeg; path = "Prof. Tse T.H..jpg"; sourceTree = "<group>"; };
		A54F6C8C219DB5D80028723A /* Dr. Chow K.P..jpg */ = {isa = PBXFileReference; lastKnownFileType = image.jpeg; path = "Dr. Chow K.P..jpg"; sourceTree = "<group>"; };
		A54F6C8D219DB5D80028723A /* Dr. Yiu S.M..jpg */ = {isa = PBXFileReference; lastKnownFileType = image.jpeg; path = "Dr. Yiu S.M..jpg"; sourceTree = "<group>"; };
		A54F6C8E219DB5D80028723A /* Dr. Tam A.T.C..jpg */ = {isa = PBXFileReference; lastKnownFileType = image.jpeg; path = "Dr. Tam A.T.C..jpg"; sourceTree = "<group>"; };
		A54F6C8F219DB5D80028723A /* Prof. White B..jpg */ = {isa = PBXFileReference; lastKnownFileType = image.jpeg; path = "Prof. White B..jpg"; sourceTree = "<group>"; };
		A54F6C90219DB5D80028723A /* Dr. Ting H.F..jpg */ = {isa = PBXFileReference; lastKnownFileType = image.jpeg; path = "Dr. Ting H.F..jpg"; sourceTree = "<group>"; };
		A54F6C91219DB5D80028723A /* Dr. Yiu S.W..jpg */ = {isa = PBXFileReference; lastKnownFileType = image.jpeg; path = "Dr. Yiu S.W..jpg"; sourceTree = "<group>"; };
		A54F6C92219DB5D80028723A /* Prof. Kao B.C.M..jpg */ = {isa = PBXFileReference; lastKnownFileType = image.jpeg; path = "Prof. Kao B.C.M..jpg"; sourceTree = "<group>"; };
		A54F6C93219DB5D80028723A /* Dr. Cheng R.C.K..jpg */ = {isa = PBXFileReference; lastKnownFileType = image.jpeg; path = "Dr. Cheng R.C.K..jpg"; sourceTree = "<group>"; };
		A54F6C94219DB5D80028723A /* Dr. Wu C..jpg */ = {isa = PBXFileReference; lastKnownFileType = image.jpeg; path = "Dr. Wu C..jpg"; sourceTree = "<group>"; };
		A54F6C95219DB5D80028723A /* Dr. Chan H.T.H..jpg */ = {isa = PBXFileReference; lastKnownFileType = image.jpeg; path = "Dr. Chan H.T.H..jpg"; sourceTree = "<group>"; };
		A54F6C96219DB5D80028723A /* Dr. Rahmel J.H..jpg */ = {isa = PBXFileReference; lastKnownFileType = image.jpeg; path = "Dr. Rahmel J.H..jpg"; sourceTree = "<group>"; };
		A54F6C97219DB5D80028723A /* Dr. Chan K.P..jpg */ = {isa = PBXFileReference; lastKnownFileType = image.jpeg; path = "Dr. Chan K.P..jpg"; sourceTree = "<group>"; };
		A54F6C98219DB5D80028723A /* Prof. Lau F.C.M..jpg */ = {isa = PBXFileReference; lastKnownFileType = image.jpeg; path = "Prof. Lau F.C.M..jpg"; sourceTree = "<group>"; };
		A54F6C99219DB5D80028723A /* Mr. Mitcheson, G..jpg */ = {isa = PBXFileReference; lastKnownFileType = image.jpeg; path = "Mr. Mitcheson, G..jpg"; sourceTree = "<group>"; };
		A54F6C9A219DB5D80028723A /* Dr. Choi L.Y.K..jpg */ = {isa = PBXFileReference; lastKnownFileType = image.jpeg; path = "Dr. Choi L.Y.K..jpg"; sourceTree = "<group>"; };
		A54F6CB5219E84D10028723A /* facultyCell.swift */ = {isa = PBXFileReference; lastKnownFileType = sourcecode.swift; path = facultyCell.swift; sourceTree = "<group>"; };
		A54F6CB7219EA50A0028723A /* adminVC.swift */ = {isa = PBXFileReference; lastKnownFileType = sourcecode.swift; path = adminVC.swift; sourceTree = "<group>"; };
		A54F6CB9219EAE640028723A /* Nav_lv2-Admission.jpg */ = {isa = PBXFileReference; lastKnownFileType = image.jpeg; path = "Nav_lv2-Admission.jpg"; sourceTree = "<group>"; };
		A54F6CBB219EB1930028723A /* tbCell.swift */ = {isa = PBXFileReference; lastKnownFileType = sourcecode.swift; path = tbCell.swift; sourceTree = "<group>"; };
		A5BECBA9219F058800DEC21C /* timeTable.png */ = {isa = PBXFileReference; lastKnownFileType = image.png; path = timeTable.png; sourceTree = "<group>"; };
		A5BECBAB219F076100DEC21C /* adApplicationVC.swift */ = {isa = PBXFileReference; lastKnownFileType = sourcecode.swift; path = adApplicationVC.swift; sourceTree = "<group>"; };
		A5D2131E219EE92B002000E4 /* Nav_lv2-Curriculum.jpg */ = {isa = PBXFileReference; lastKnownFileType = image.jpeg; path = "Nav_lv2-Curriculum.jpg"; sourceTree = "<group>"; };
		A5D21321219EEE26002000E4 /* compFee.png */ = {isa = PBXFileReference; lastKnownFileType = image.png; path = compFee.png; sourceTree = "<group>"; };
		A5D21322219EEE26002000E4 /* wordsSG.png */ = {isa = PBXFileReference; lastKnownFileType = image.png; path = wordsSG.png; sourceTree = "<group>"; };
		A5D21324219EEE26002000E4 /* infoSess.png */ = {isa = PBXFileReference; lastKnownFileType = image.png; path = infoSess.png; sourceTree = "<group>"; };
		A5D21325219EEE26002000E4 /* fAq.png */ = {isa = PBXFileReference; lastKnownFileType = image.png; path = fAq.png; sourceTree = "<group>"; };
		A5D21326219EEE26002000E4 /* appProce.png */ = {isa = PBXFileReference; lastKnownFileType = image.png; path = appProce.png; sourceTree = "<group>"; };
		A5D2132D219EF442002000E4 /* adminPopVC.swift */ = {isa = PBXFileReference; lastKnownFileType = sourcecode.swift; path = adminPopVC.swift; sourceTree = "<group>"; };
		A5D2132F219EF565002000E4 /* adRequire.swift */ = {isa = PBXFileReference; lastKnownFileType = sourcecode.swift; path = adRequire.swift; sourceTree = "<group>"; };
		A5D21331219EF844002000E4 /* adRequire.png */ = {isa = PBXFileReference; lastKnownFileType = image.png; path = adRequire.png; sourceTree = "<group>"; };
		A5F227F72192E7F800C5189F /* DirectorViewController.swift */ = {isa = PBXFileReference; lastKnownFileType = sourcecode.swift; path = DirectorViewController.swift; sourceTree = "<group>"; };
		A5F227F92192EFA600C5189F /* MapViewController.swift */ = {isa = PBXFileReference; lastKnownFileType = sourcecode.swift; path = MapViewController.swift; sourceTree = "<group>"; };
		A5F227FC2192F51600C5189F /* DesignableButton.swift */ = {isa = PBXFileReference; lastKnownFileType = sourcecode.swift; path = DesignableButton.swift; sourceTree = "<group>"; };
		A5F227FE21930DB800C5189F /* DesignableView.swift */ = {isa = PBXFileReference; lastKnownFileType = sourcecode.swift; path = DesignableView.swift; sourceTree = "<group>"; };
		A5F228022193110A00C5189F /* ProfInfoVC.swift */ = {isa = PBXFileReference; lastKnownFileType = sourcecode.swift; path = ProfInfoVC.swift; sourceTree = "<group>"; };
		A5F7AC9A219170AC006DC855 /* HKUApp.app */ = {isa = PBXFileReference; explicitFileType = wrapper.application; includeInIndex = 0; path = HKUApp.app; sourceTree = BUILT_PRODUCTS_DIR; };
		A5F7AC9D219170AC006DC855 /* AppDelegate.swift */ = {isa = PBXFileReference; lastKnownFileType = sourcecode.swift; path = AppDelegate.swift; sourceTree = "<group>"; };
		A5F7ACA4219170AC006DC855 /* Base */ = {isa = PBXFileReference; lastKnownFileType = file.storyboard; name = Base; path = Base.lproj/Main.storyboard; sourceTree = "<group>"; };
		A5F7ACA6219170AE006DC855 /* Assets.xcassets */ = {isa = PBXFileReference; lastKnownFileType = folder.assetcatalog; path = Assets.xcassets; sourceTree = "<group>"; };
		A5F7ACA9219170AE006DC855 /* Base */ = {isa = PBXFileReference; lastKnownFileType = file.storyboard; name = Base; path = Base.lproj/LaunchScreen.storyboard; sourceTree = "<group>"; };
		A5F7ACAB219170AE006DC855 /* Info.plist */ = {isa = PBXFileReference; lastKnownFileType = text.plist.xml; path = Info.plist; sourceTree = "<group>"; };
		A5F7ACB0219170AE006DC855 /* HKUAppTests.xctest */ = {isa = PBXFileReference; explicitFileType = wrapper.cfbundle; includeInIndex = 0; path = HKUAppTests.xctest; sourceTree = BUILT_PRODUCTS_DIR; };
		A5F7ACB4219170AE006DC855 /* HKUAppTests.swift */ = {isa = PBXFileReference; lastKnownFileType = sourcecode.swift; path = HKUAppTests.swift; sourceTree = "<group>"; };
		A5F7ACB6219170AE006DC855 /* Info.plist */ = {isa = PBXFileReference; lastKnownFileType = text.plist.xml; path = Info.plist; sourceTree = "<group>"; };
		A5F7ACBB219170AE006DC855 /* HKUAppUITests.xctest */ = {isa = PBXFileReference; explicitFileType = wrapper.cfbundle; includeInIndex = 0; path = HKUAppUITests.xctest; sourceTree = BUILT_PRODUCTS_DIR; };
		A5F7ACBF219170AE006DC855 /* HKUAppUITests.swift */ = {isa = PBXFileReference; lastKnownFileType = sourcecode.swift; path = HKUAppUITests.swift; sourceTree = "<group>"; };
		A5F7ACC1219170AE006DC855 /* Info.plist */ = {isa = PBXFileReference; lastKnownFileType = text.plist.xml; path = Info.plist; sourceTree = "<group>"; };
		A5F7ACEC21919766006DC855 /* WangCL.jpg */ = {isa = PBXFileReference; lastKnownFileType = image.jpeg; path = WangCL.jpg; sourceTree = "<group>"; };
		A5F7ACED21919766006DC855 /* YiuSM.jpg */ = {isa = PBXFileReference; lastKnownFileType = image.jpeg; path = YiuSM.jpg; sourceTree = "<group>"; };
		A5F7ACEE21919766006DC855 /* home_about.jpg */ = {isa = PBXFileReference; lastKnownFileType = image.jpeg; path = home_about.jpg; sourceTree = "<group>"; };
		A5F7ACEF21919766006DC855 /* faculty.jpg */ = {isa = PBXFileReference; lastKnownFileType = image.jpeg; path = faculty.jpg; sourceTree = "<group>"; };
		A5F7ACF021919766006DC855 /* director.jpg */ = {isa = PBXFileReference; lastKnownFileType = image.jpeg; path = director.jpg; sourceTree = "<group>"; };
		A5F7ACF121919766006DC855 /* SchD.jpg */ = {isa = PBXFileReference; lastKnownFileType = image.jpeg; path = SchD.jpg; sourceTree = "<group>"; };
		A5F7ACFC21927ECB006DC855 /* BaseViewController.swift */ = {isa = PBXFileReference; fileEncoding = 4; lastKnownFileType = sourcecode.swift; name = BaseViewController.swift; path = "AKSwiftSlideMenu-master/AKSwiftSlideMenu/BaseViewController.swift"; sourceTree = SOURCE_ROOT; };
		A5F7ACFE21927F9B006DC855 /* MenuViewController.swift */ = {isa = PBXFileReference; lastKnownFileType = sourcecode.swift; path = MenuViewController.swift; sourceTree = "<group>"; };
		A5F7AD0021928200006DC855 /* HomeViewController.swift */ = {isa = PBXFileReference; lastKnownFileType = sourcecode.swift; path = HomeViewController.swift; sourceTree = "<group>"; };
		A5F7AD022192946B006DC855 /* DetailViewController.swift */ = {isa = PBXFileReference; lastKnownFileType = sourcecode.swift; path = DetailViewController.swift; sourceTree = "<group>"; };
		A5F7AD06219299DE006DC855 /* aboutTabController.swift */ = {isa = PBXFileReference; lastKnownFileType = sourcecode.swift; path = aboutTabController.swift; sourceTree = "<group>"; };
		A5F7AD082192B4DA006DC855 /* Slider1.jpg */ = {isa = PBXFileReference; lastKnownFileType = image.jpeg; path = Slider1.jpg; sourceTree = "<group>"; };
		A5F7AD0C2192C032006DC855 /* MScDarkLogo.png */ = {isa = PBXFileReference; lastKnownFileType = image.png; path = MScDarkLogo.png; sourceTree = "<group>"; };
		A5F7AD0E2192C533006DC855 /* mfpd.JPG */ = {isa = PBXFileReference; lastKnownFileType = image.jpeg; path = mfpd.JPG; sourceTree = "<group>"; };
		A5F7AD102192CB09006DC855 /* ChowKP-Square.jpg */ = {isa = PBXFileReference; lastKnownFileType = image.jpeg; path = "ChowKP-Square.jpg"; sourceTree = "<group>"; };
		A5F7AD122192E0A9006DC855 /* WhyHKU.jpg */ = {isa = PBXFileReference; lastKnownFileType = image.jpeg; path = WhyHKU.jpg; sourceTree = "<group>"; };
/* End PBXFileReference section */

/* Begin PBXFrameworksBuildPhase section */
		A5F7AC97219170AC006DC855 /* Frameworks */ = {
			isa = PBXFrameworksBuildPhase;
			buildActionMask = 2147483647;
			files = (
			);
			runOnlyForDeploymentPostprocessing = 0;
		};
		A5F7ACAD219170AE006DC855 /* Frameworks */ = {
			isa = PBXFrameworksBuildPhase;
			buildActionMask = 2147483647;
			files = (
			);
			runOnlyForDeploymentPostprocessing = 0;
		};
		A5F7ACB8219170AE006DC855 /* Frameworks */ = {
			isa = PBXFrameworksBuildPhase;
			buildActionMask = 2147483647;
			files = (
			);
			runOnlyForDeploymentPostprocessing = 0;
		};
/* End PBXFrameworksBuildPhase section */

/* Begin PBXGroup section */
		A54F6C80219DB5D80028723A /* PicFalcuty */ = {
			isa = PBXGroup;
			children = (
				A54F6C81219DB5D80028723A /* Dr. Chim T.W..jpg */,
				A54F6C82219DB5D80028723A /* Prof. Lam T.W..jpg */,
				A54F6C83219DB5D80028723A /* Dr. Wong K.K.Y..jpg */,
				A54F6C84219DB5D80028723A /* Dr. Schnieders D..jpg */,
				A54F6C85219DB5D80028723A /* Dr. Pun K.K.H..jpg */,
				A54F6C86219DB5D80028723A /* Dr. Lau V.M.K..jpg */,
				A54F6C87219DB5D80028723A /* Dr. Chung H.Y..jpg */,
				A54F6C88219DB5D80028723A /* Prof. Cheung D.W.L..jpg */,
				A54F6C89219DB5D80028723A /* Prof. Wang W..jpg */,
				A54F6C8A219DB5D80028723A /* Mr. Ng P.T.L..jpg */,
				A54F6C8B219DB5D80028723A /* Prof. Tse T.H..jpg */,
				A54F6C8C219DB5D80028723A /* Dr. Chow K.P..jpg */,
				A54F6C8D219DB5D80028723A /* Dr. Yiu S.M..jpg */,
				A54F6C8E219DB5D80028723A /* Dr. Tam A.T.C..jpg */,
				A54F6C8F219DB5D80028723A /* Prof. White B..jpg */,
				A54F6C90219DB5D80028723A /* Dr. Ting H.F..jpg */,
				A54F6C91219DB5D80028723A /* Dr. Yiu S.W..jpg */,
				A54F6C92219DB5D80028723A /* Prof. Kao B.C.M..jpg */,
				A54F6C93219DB5D80028723A /* Dr. Cheng R.C.K..jpg */,
				A54F6C94219DB5D80028723A /* Dr. Wu C..jpg */,
				A54F6C95219DB5D80028723A /* Dr. Chan H.T.H..jpg */,
				A54F6C96219DB5D80028723A /* Dr. Rahmel J.H..jpg */,
				A54F6C97219DB5D80028723A /* Dr. Chan K.P..jpg */,
				A54F6C98219DB5D80028723A /* Prof. Lau F.C.M..jpg */,
				A54F6C99219DB5D80028723A /* Mr. Mitcheson, G..jpg */,
				A54F6C9A219DB5D80028723A /* Dr. Choi L.Y.K..jpg */,
			);
			path = PicFalcuty;
			sourceTree = "<group>";
		};
		A5D21320219EEE26002000E4 /* subTitleImage */ = {
			isa = PBXGroup;
			children = (
				A5D21321219EEE26002000E4 /* compFee.png */,
				A5D21322219EEE26002000E4 /* wordsSG.png */,
				A5D21331219EF844002000E4 /* adRequire.png */,
				A5D21324219EEE26002000E4 /* infoSess.png */,
				A5D21325219EEE26002000E4 /* fAq.png */,
				A5D21326219EEE26002000E4 /* appProce.png */,
			);
			path = subTitleImage;
			sourceTree = "<group>";
		};
		A5F227FB2192F1E400C5189F /* IBDesignables */ = {
			isa = PBXGroup;
			children = (
				A5F227FC2192F51600C5189F /* DesignableButton.swift */,
				A5F227FE21930DB800C5189F /* DesignableView.swift */,
			);
			path = IBDesignables;
			sourceTree = "<group>";
		};
		A5F7AC91219170AC006DC855 = {
			isa = PBXGroup;
			children = (
				A5F227FB2192F1E400C5189F /* IBDesignables */,
				A5F7AC9C219170AC006DC855 /* HKUApp */,
				A5F7ACB3219170AE006DC855 /* HKUAppTests */,
				A5F7ACBE219170AE006DC855 /* HKUAppUITests */,
				A5F7AC9B219170AC006DC855 /* Products */,
			);
			sourceTree = "<group>";
		};
		A5F7AC9B219170AC006DC855 /* Products */ = {
			isa = PBXGroup;
			children = (
				A5F7AC9A219170AC006DC855 /* HKUApp.app */,
				A5F7ACB0219170AE006DC855 /* HKUAppTests.xctest */,
				A5F7ACBB219170AE006DC855 /* HKUAppUITests.xctest */,
			);
			name = Products;
			sourceTree = "<group>";
		};
		A5F7AC9C219170AC006DC855 /* HKUApp */ = {
			isa = PBXGroup;
			children = (
				A5F7ACFE21927F9B006DC855 /* MenuViewController.swift */,
				A5F7ACA3219170AC006DC855 /* Main.storyboard */,
				A5F7ACFC21927ECB006DC855 /* BaseViewController.swift */,
				A5F7AD06219299DE006DC855 /* aboutTabController.swift */,
				A5F7AC9D219170AC006DC855 /* AppDelegate.swift */,
				A5F7AD0021928200006DC855 /* HomeViewController.swift */,
				A5F7AD022192946B006DC855 /* DetailViewController.swift */,
				A5F227F72192E7F800C5189F /* DirectorViewController.swift */,
				A5F228022193110A00C5189F /* ProfInfoVC.swift */,
				A54F6C7C219DB1DC0028723A /* FacultyVC.swift */,
				A54F6CB7219EA50A0028723A /* adminVC.swift */,
				A5D2132D219EF442002000E4 /* adminPopVC.swift */,
				A5BECBAB219F076100DEC21C /* adApplicationVC.swift */,
				A5D2132F219EF565002000E4 /* adRequire.swift */,
				A5F227F92192EFA600C5189F /* MapViewController.swift */,
				A54F6CBB219EB1930028723A /* tbCell.swift */,
				A54F6CB5219E84D10028723A /* facultyCell.swift */,
				A54F6C78219D9DBE0028723A /* myCell.swift */,
				A5F7ACA6219170AE006DC855 /* Assets.xcassets */,
				A5F7ACA8219170AE006DC855 /* LaunchScreen.storyboard */,
				A54F6C80219DB5D80028723A /* PicFalcuty */,
				A5F7ACEB21919766006DC855 /* pictures */,
				A5F7ACAB219170AE006DC855 /* Info.plist */,
			);
			path = HKUApp;
			sourceTree = "<group>";
		};
		A5F7ACB3219170AE006DC855 /* HKUAppTests */ = {
			isa = PBXGroup;
			children = (
				A5F7ACB4219170AE006DC855 /* HKUAppTests.swift */,
				A5F7ACB6219170AE006DC855 /* Info.plist */,
			);
			path = HKUAppTests;
			sourceTree = "<group>";
		};
		A5F7ACBE219170AE006DC855 /* HKUAppUITests */ = {
			isa = PBXGroup;
			children = (
				A5F7ACBF219170AE006DC855 /* HKUAppUITests.swift */,
				A5F7ACC1219170AE006DC855 /* Info.plist */,
			);
			path = HKUAppUITests;
			sourceTree = "<group>";
		};
		A5F7ACEB21919766006DC855 /* pictures */ = {
			isa = PBXGroup;
			children = (
				A5D21320219EEE26002000E4 /* subTitleImage */,
				A5F7AD082192B4DA006DC855 /* Slider1.jpg */,
				A5BECBA9219F058800DEC21C /* timeTable.png */,
				A5F7ACEC21919766006DC855 /* WangCL.jpg */,
				A5F7AD102192CB09006DC855 /* ChowKP-Square.jpg */,
				A5D2131E219EE92B002000E4 /* Nav_lv2-Curriculum.jpg */,
				A5F7AD122192E0A9006DC855 /* WhyHKU.jpg */,
				A5F7AD0E2192C533006DC855 /* mfpd.JPG */,
				A54F6CB9219EAE640028723A /* Nav_lv2-Admission.jpg */,
				A5F7AD0C2192C032006DC855 /* MScDarkLogo.png */,
				A54F6C7E219DB3F20028723A /* facultyTitle.png */,
				A5F7ACED21919766006DC855 /* YiuSM.jpg */,
				A5F7ACEE21919766006DC855 /* home_about.jpg */,
				A5F7ACEF21919766006DC855 /* faculty.jpg */,
				A5F7ACF021919766006DC855 /* director.jpg */,
				A5F7ACF121919766006DC855 /* SchD.jpg */,
			);
			path = pictures;
			sourceTree = "<group>";
		};
/* End PBXGroup section */

/* Begin PBXNativeTarget section */
		A5F7AC99219170AC006DC855 /* HKUApp */ = {
			isa = PBXNativeTarget;
			buildConfigurationList = A5F7ACC4219170AE006DC855 /* Build configuration list for PBXNativeTarget "HKUApp" */;
			buildPhases = (
				A5F7AC96219170AC006DC855 /* Sources */,
				A5F7AC97219170AC006DC855 /* Frameworks */,
				A5F7AC98219170AC006DC855 /* Resources */,
			);
			buildRules = (
			);
			dependencies = (
			);
			name = HKUApp;
			productName = HKUApp;
			productReference = A5F7AC9A219170AC006DC855 /* HKUApp.app */;
			productType = "com.apple.product-type.application";
		};
		A5F7ACAF219170AE006DC855 /* HKUAppTests */ = {
			isa = PBXNativeTarget;
			buildConfigurationList = A5F7ACC7219170AE006DC855 /* Build configuration list for PBXNativeTarget "HKUAppTests" */;
			buildPhases = (
				A5F7ACAC219170AE006DC855 /* Sources */,
				A5F7ACAD219170AE006DC855 /* Frameworks */,
				A5F7ACAE219170AE006DC855 /* Resources */,
			);
			buildRules = (
			);
			dependencies = (
				A5F7ACB2219170AE006DC855 /* PBXTargetDependency */,
			);
			name = HKUAppTests;
			productName = HKUAppTests;
			productReference = A5F7ACB0219170AE006DC855 /* HKUAppTests.xctest */;
			productType = "com.apple.product-type.bundle.unit-test";
		};
		A5F7ACBA219170AE006DC855 /* HKUAppUITests */ = {
			isa = PBXNativeTarget;
			buildConfigurationList = A5F7ACCA219170AE006DC855 /* Build configuration list for PBXNativeTarget "HKUAppUITests" */;
			buildPhases = (
				A5F7ACB7219170AE006DC855 /* Sources */,
				A5F7ACB8219170AE006DC855 /* Frameworks */,
				A5F7ACB9219170AE006DC855 /* Resources */,
			);
			buildRules = (
			);
			dependencies = (
				A5F7ACBD219170AE006DC855 /* PBXTargetDependency */,
			);
			name = HKUAppUITests;
			productName = HKUAppUITests;
			productReference = A5F7ACBB219170AE006DC855 /* HKUAppUITests.xctest */;
			productType = "com.apple.product-type.bundle.ui-testing";
		};
/* End PBXNativeTarget section */

/* Begin PBXProject section */
		A5F7AC92219170AC006DC855 /* Project object */ = {
			isa = PBXProject;
			attributes = {
				LastSwiftUpdateCheck = 1000;
				LastUpgradeCheck = 1000;
				ORGANIZATIONNAME = Captwang;
				TargetAttributes = {
					A5F7AC99219170AC006DC855 = {
						CreatedOnToolsVersion = 10.0;
					};
					A5F7ACAF219170AE006DC855 = {
						CreatedOnToolsVersion = 10.0;
						TestTargetID = A5F7AC99219170AC006DC855;
					};
					A5F7ACBA219170AE006DC855 = {
						CreatedOnToolsVersion = 10.0;
						TestTargetID = A5F7AC99219170AC006DC855;
					};
				};
			};
			buildConfigurationList = A5F7AC95219170AC006DC855 /* Build configuration list for PBXProject "HKUApp" */;
			compatibilityVersion = "Xcode 9.3";
			developmentRegion = en;
			hasScannedForEncodings = 0;
			knownRegions = (
				en,
				Base,
			);
			mainGroup = A5F7AC91219170AC006DC855;
			productRefGroup = A5F7AC9B219170AC006DC855 /* Products */;
			projectDirPath = "";
			projectRoot = "";
			targets = (
				A5F7AC99219170AC006DC855 /* HKUApp */,
				A5F7ACAF219170AE006DC855 /* HKUAppTests */,
				A5F7ACBA219170AE006DC855 /* HKUAppUITests */,
			);
		};
/* End PBXProject section */

/* Begin PBXResourcesBuildPhase section */
		A5F7AC98219170AC006DC855 /* Resources */ = {
			isa = PBXResourcesBuildPhase;
			buildActionMask = 2147483647;
			files = (
				A54F6CAB219DB5D90028723A /* Dr. Yiu S.W..jpg in Resources */,
				A54F6C9E219DB5D90028723A /* Dr. Schnieders D..jpg in Resources */,
				A54F6CBA219EAE650028723A /* Nav_lv2-Admission.jpg in Resources */,
				A54F6CAF219DB5D90028723A /* Dr. Chan H.T.H..jpg in Resources */,
				A54F6CAC219DB5D90028723A /* Prof. Kao B.C.M..jpg in Resources */,
				A5F7AD0D2192C032006DC855 /* MScDarkLogo.png in Resources */,
				A5D2131F219EE92C002000E4 /* Nav_lv2-Curriculum.jpg in Resources */,
				A54F6CA0219DB5D90028723A /* Dr. Lau V.M.K..jpg in Resources */,
				A5F7AD132192E0AA006DC855 /* WhyHKU.jpg in Resources */,
				A54F6C9D219DB5D90028723A /* Dr. Wong K.K.Y..jpg in Resources */,
				A54F6CA1219DB5D90028723A /* Dr. Chung H.Y..jpg in Resources */,
				A54F6CAD219DB5D90028723A /* Dr. Cheng R.C.K..jpg in Resources */,
				A5F7ACAA219170AE006DC855 /* LaunchScreen.storyboard in Resources */,
				A54F6CB2219DB5D90028723A /* Prof. Lau F.C.M..jpg in Resources */,
				A54F6CA3219DB5D90028723A /* Prof. Wang W..jpg in Resources */,
				A54F6CA5219DB5D90028723A /* Prof. Tse T.H..jpg in Resources */,
				A5D2132C219EEE28002000E4 /* appProce.png in Resources */,
				A54F6CB1219DB5D90028723A /* Dr. Chan K.P..jpg in Resources */,
				A5F7ACF221919767006DC855 /* WangCL.jpg in Resources */,
				A5D2132B219EEE28002000E4 /* fAq.png in Resources */,
				A5F7AD092192B4DB006DC855 /* Slider1.jpg in Resources */,
				A54F6C9C219DB5D90028723A /* Prof. Lam T.W..jpg in Resources */,
				A5F7ACA7219170AE006DC855 /* Assets.xcassets in Resources */,
				A5D21327219EEE28002000E4 /* compFee.png in Resources */,
				A54F6CA9219DB5D90028723A /* Prof. White B..jpg in Resources */,
				A5F7ACF321919767006DC855 /* YiuSM.jpg in Resources */,
				A5D2132A219EEE28002000E4 /* infoSess.png in Resources */,
				A5F7AD0F2192C533006DC855 /* mfpd.JPG in Resources */,
				A54F6CA8219DB5D90028723A /* Dr. Tam A.T.C..jpg in Resources */,
				A5BECBAA219F058B00DEC21C /* timeTable.png in Resources */,
				A54F6CB4219DB5D90028723A /* Dr. Choi L.Y.K..jpg in Resources */,
				A5F7ACF421919767006DC855 /* home_about.jpg in Resources */,
				A54F6CAA219DB5D90028723A /* Dr. Ting H.F..jpg in Resources */,
				A54F6C9F219DB5D90028723A /* Dr. Pun K.K.H..jpg in Resources */,
				A5D21332219EF845002000E4 /* adRequire.png in Resources */,
				A5F7ACA5219170AC006DC855 /* Main.storyboard in Resources */,
				A5F7AD112192CB09006DC855 /* ChowKP-Square.jpg in Resources */,
				A54F6C7F219DB3F30028723A /* facultyTitle.png in Resources */,
				A54F6C9B219DB5D90028723A /* Dr. Chim T.W..jpg in Resources */,
				A54F6CA2219DB5D90028723A /* Prof. Cheung D.W.L..jpg in Resources */,
				A54F6CA7219DB5D90028723A /* Dr. Yiu S.M..jpg in Resources */,
				A5F7ACF521919767006DC855 /* faculty.jpg in Resources */,
				A5D21328219EEE28002000E4 /* wordsSG.png in Resources */,
				A5F7ACF721919767006DC855 /* SchD.jpg in Resources */,
				A54F6CA4219DB5D90028723A /* Mr. Ng P.T.L..jpg in Resources */,
				A54F6CAE219DB5D90028723A /* Dr. Wu C..jpg in Resources */,
				A54F6CB3219DB5D90028723A /* Mr. Mitcheson, G..jpg in Resources */,
				A54F6CA6219DB5D90028723A /* Dr. Chow K.P..jpg in Resources */,
				A5F7ACF621919767006DC855 /* director.jpg in Resources */,
				A54F6CB0219DB5D90028723A /* Dr. Rahmel J.H..jpg in Resources */,
			);
			runOnlyForDeploymentPostprocessing = 0;
		};
		A5F7ACAE219170AE006DC855 /* Resources */ = {
			isa = PBXResourcesBuildPhase;
			buildActionMask = 2147483647;
			files = (
			);
			runOnlyForDeploymentPostprocessing = 0;
		};
		A5F7ACB9219170AE006DC855 /* Resources */ = {
			isa = PBXResourcesBuildPhase;
			buildActionMask = 2147483647;
			files = (
			);
			runOnlyForDeploymentPostprocessing = 0;
		};
/* End PBXResourcesBuildPhase section */

/* Begin PBXSourcesBuildPhase section */
		A5F7AC96219170AC006DC855 /* Sources */ = {
			isa = PBXSourcesBuildPhase;
			buildActionMask = 2147483647;
			files = (
				A5F7AD032192946B006DC855 /* DetailViewController.swift in Sources */,
				A5F227F82192E7F800C5189F /* DirectorViewController.swift in Sources */,
				A5F7AC9E219170AC006DC855 /* AppDelegate.swift in Sources */,
				A5F7AD07219299DE006DC855 /* aboutTabController.swift in Sources */,
				A5F7ACFF21927F9B006DC855 /* MenuViewController.swift in Sources */,
				A54F6C79219D9DBE0028723A /* myCell.swift in Sources */,
				A5D21330219EF565002000E4 /* adRequire.swift in Sources */,
				A54F6CB6219E84D10028723A /* facultyCell.swift in Sources */,
				A54F6C7D219DB1DC0028723A /* FacultyVC.swift in Sources */,
				A5F228032193110A00C5189F /* ProfInfoVC.swift in Sources */,
				A5F227FF21930DB800C5189F /* DesignableView.swift in Sources */,
				A5BECBAC219F076100DEC21C /* adApplicationVC.swift in Sources */,
				A5F227FD2192F51600C5189F /* DesignableButton.swift in Sources */,
				A54F6CB8219EA50A0028723A /* adminVC.swift in Sources */,
				A5F7AD0121928200006DC855 /* HomeViewController.swift in Sources */,
				A54F6CBC219EB1930028723A /* tbCell.swift in Sources */,
				A5D2132E219EF442002000E4 /* adminPopVC.swift in Sources */,
				A5F7ACFD21927ECB006DC855 /* BaseViewController.swift in Sources */,
				A5F227FA2192EFA600C5189F /* MapViewController.swift in Sources */,
			);
			runOnlyForDeploymentPostprocessing = 0;
		};
		A5F7ACAC219170AE006DC855 /* Sources */ = {
			isa = PBXSourcesBuildPhase;
			buildActionMask = 2147483647;
			files = (
				A5F7ACB5219170AE006DC855 /* HKUAppTests.swift in Sources */,
			);
			runOnlyForDeploymentPostprocessing = 0;
		};
		A5F7ACB7219170AE006DC855 /* Sources */ = {
			isa = PBXSourcesBuildPhase;
			buildActionMask = 2147483647;
			files = (
				A5F7ACC0219170AE006DC855 /* HKUAppUITests.swift in Sources */,
			);
			runOnlyForDeploymentPostprocessing = 0;
		};
/* End PBXSourcesBuildPhase section */

/* Begin PBXTargetDependency section */
		A5F7ACB2219170AE006DC855 /* PBXTargetDependency */ = {
			isa = PBXTargetDependency;
			target = A5F7AC99219170AC006DC855 /* HKUApp */;
			targetProxy = A5F7ACB1219170AE006DC855 /* PBXContainerItemProxy */;
		};
		A5F7ACBD219170AE006DC855 /* PBXTargetDependency */ = {
			isa = PBXTargetDependency;
			target = A5F7AC99219170AC006DC855 /* HKUApp */;
			targetProxy = A5F7ACBC219170AE006DC855 /* PBXContainerItemProxy */;
		};
/* End PBXTargetDependency section */

/* Begin PBXVariantGroup section */
		A5F7ACA3219170AC006DC855 /* Main.storyboard */ = {
			isa = PBXVariantGroup;
			children = (
				A5F7ACA4219170AC006DC855 /* Base */,
			);
			name = Main.storyboard;
			sourceTree = "<group>";
		};
		A5F7ACA8219170AE006DC855 /* LaunchScreen.storyboard */ = {
			isa = PBXVariantGroup;
			children = (
				A5F7ACA9219170AE006DC855 /* Base */,
			);
			name = LaunchScreen.storyboard;
			sourceTree = "<group>";
		};
/* End PBXVariantGroup section */

/* Begin XCBuildConfiguration section */
		A5F7ACC2219170AE006DC855 /* Debug */ = {
			isa = XCBuildConfiguration;
			buildSettings = {
				ALWAYS_SEARCH_USER_PATHS = NO;
				CLANG_ANALYZER_NONNULL = YES;
				CLANG_ANALYZER_NUMBER_OBJECT_CONVERSION = YES_AGGRESSIVE;
				CLANG_CXX_LANGUAGE_STANDARD = "gnu++14";
				CLANG_CXX_LIBRARY = "libc++";
				CLANG_ENABLE_MODULES = YES;
				CLANG_ENABLE_OBJC_ARC = YES;
				CLANG_ENABLE_OBJC_WEAK = YES;
				CLANG_WARN_BLOCK_CAPTURE_AUTORELEASING = YES;
				CLANG_WARN_BOOL_CONVERSION = YES;
				CLANG_WARN_COMMA = YES;
				CLANG_WARN_CONSTANT_CONVERSION = YES;
				CLANG_WARN_DEPRECATED_OBJC_IMPLEMENTATIONS = YES;
				CLANG_WARN_DIRECT_OBJC_ISA_USAGE = YES_ERROR;
				CLANG_WARN_DOCUMENTATION_COMMENTS = YES;
				CLANG_WARN_EMPTY_BODY = YES;
				CLANG_WARN_ENUM_CONVERSION = YES;
				CLANG_WARN_INFINITE_RECURSION = YES;
				CLANG_WARN_INT_CONVERSION = YES;
				CLANG_WARN_NON_LITERAL_NULL_CONVERSION = YES;
				CLANG_WARN_OBJC_IMPLICIT_RETAIN_SELF = YES;
				CLANG_WARN_OBJC_LITERAL_CONVERSION = YES;
				CLANG_WARN_OBJC_ROOT_CLASS = YES_ERROR;
				CLANG_WARN_RANGE_LOOP_ANALYSIS = YES;
				CLANG_WARN_STRICT_PROTOTYPES = YES;
				CLANG_WARN_SUSPICIOUS_MOVE = YES;
				CLANG_WARN_UNGUARDED_AVAILABILITY = YES_AGGRESSIVE;
				CLANG_WARN_UNREACHABLE_CODE = YES;
				CLANG_WARN__DUPLICATE_METHOD_MATCH = YES;
				CODE_SIGN_IDENTITY = "iPhone Developer";
				COPY_PHASE_STRIP = NO;
				DEBUG_INFORMATION_FORMAT = dwarf;
				ENABLE_STRICT_OBJC_MSGSEND = YES;
				ENABLE_TESTABILITY = YES;
				GCC_C_LANGUAGE_STANDARD = gnu11;
				GCC_DYNAMIC_NO_PIC = NO;
				GCC_NO_COMMON_BLOCKS = YES;
				GCC_OPTIMIZATION_LEVEL = 0;
				GCC_PREPROCESSOR_DEFINITIONS = (
					"DEBUG=1",
					"$(inherited)",
				);
				GCC_WARN_64_TO_32_BIT_CONVERSION = YES;
				GCC_WARN_ABOUT_RETURN_TYPE = YES_ERROR;
				GCC_WARN_UNDECLARED_SELECTOR = YES;
				GCC_WARN_UNINITIALIZED_AUTOS = YES_AGGRESSIVE;
				GCC_WARN_UNUSED_FUNCTION = YES;
				GCC_WARN_UNUSED_VARIABLE = YES;
				IPHONEOS_DEPLOYMENT_TARGET = 12.0;
				MTL_ENABLE_DEBUG_INFO = INCLUDE_SOURCE;
				MTL_FAST_MATH = YES;
				ONLY_ACTIVE_ARCH = YES;
				SDKROOT = iphoneos;
				SWIFT_ACTIVE_COMPILATION_CONDITIONS = DEBUG;
				SWIFT_OPTIMIZATION_LEVEL = "-Onone";
			};
			name = Debug;
		};
		A5F7ACC3219170AE006DC855 /* Release */ = {
			isa = XCBuildConfiguration;
			buildSettings = {
				ALWAYS_SEARCH_USER_PATHS = NO;
				CLANG_ANALYZER_NONNULL = YES;
				CLANG_ANALYZER_NUMBER_OBJECT_CONVERSION = YES_AGGRESSIVE;
				CLANG_CXX_LANGUAGE_STANDARD = "gnu++14";
				CLANG_CXX_LIBRARY = "libc++";
				CLANG_ENABLE_MODULES = YES;
				CLANG_ENABLE_OBJC_ARC = YES;
				CLANG_ENABLE_OBJC_WEAK = YES;
				CLANG_WARN_BLOCK_CAPTURE_AUTORELEASING = YES;
				CLANG_WARN_BOOL_CONVERSION = YES;
				CLANG_WARN_COMMA = YES;
				CLANG_WARN_CONSTANT_CONVERSION = YES;
				CLANG_WARN_DEPRECATED_OBJC_IMPLEMENTATIONS = YES;
				CLANG_WARN_DIRECT_OBJC_ISA_USAGE = YES_ERROR;
				CLANG_WARN_DOCUMENTATION_COMMENTS = YES;
				CLANG_WARN_EMPTY_BODY = YES;
				CLANG_WARN_ENUM_CONVERSION = YES;
				CLANG_WARN_INFINITE_RECURSION = YES;
				CLANG_WARN_INT_CONVERSION = YES;
				CLANG_WARN_NON_LITERAL_NULL_CONVERSION = YES;
				CLANG_WARN_OBJC_IMPLICIT_RETAIN_SELF = YES;
				CLANG_WARN_OBJC_LITERAL_CONVERSION = YES;
				CLANG_WARN_OBJC_ROOT_CLASS = YES_ERROR;
				CLANG_WARN_RANGE_LOOP_ANALYSIS = YES;
				CLANG_WARN_STRICT_PROTOTYPES = YES;
				CLANG_WARN_SUSPICIOUS_MOVE = YES;
				CLANG_WARN_UNGUARDED_AVAILABILITY = YES_AGGRESSIVE;
				CLANG_WARN_UNREACHABLE_CODE = YES;
				CLANG_WARN__DUPLICATE_METHOD_MATCH = YES;
				CODE_SIGN_IDENTITY = "iPhone Developer";
				COPY_PHASE_STRIP = NO;
				DEBUG_INFORMATION_FORMAT = "dwarf-with-dsym";
				ENABLE_NS_ASSERTIONS = NO;
				ENABLE_STRICT_OBJC_MSGSEND = YES;
				GCC_C_LANGUAGE_STANDARD = gnu11;
				GCC_NO_COMMON_BLOCKS = YES;
				GCC_WARN_64_TO_32_BIT_CONVERSION = YES;
				GCC_WARN_ABOUT_RETURN_TYPE = YES_ERROR;
				GCC_WARN_UNDECLARED_SELECTOR = YES;
				GCC_WARN_UNINITIALIZED_AUTOS = YES_AGGRESSIVE;
				GCC_WARN_UNUSED_FUNCTION = YES;
				GCC_WARN_UNUSED_VARIABLE = YES;
				IPHONEOS_DEPLOYMENT_TARGET = 12.0;
				MTL_ENABLE_DEBUG_INFO = NO;
				MTL_FAST_MATH = YES;
				SDKROOT = iphoneos;
				SWIFT_COMPILATION_MODE = wholemodule;
				SWIFT_OPTIMIZATION_LEVEL = "-O";
				VALIDATE_PRODUCT = YES;
			};
			name = Release;
		};
		A5F7ACC5219170AE006DC855 /* Debug */ = {
			isa = XCBuildConfiguration;
			buildSettings = {
				ASSETCATALOG_COMPILER_APPICON_NAME = AppIcon;
				CODE_SIGN_STYLE = Automatic;
				DEVELOPMENT_TEAM = KK2A393A7B;
				INFOPLIST_FILE = HKUApp/Info.plist;
				LD_RUNPATH_SEARCH_PATHS = (
					"$(inherited)",
					"@executable_path/Frameworks",
				);
				PRODUCT_BUNDLE_IDENTIFIER = duke.HKUApp;
				PRODUCT_NAME = "$(TARGET_NAME)";
				SWIFT_VERSION = 4.2;
				TARGETED_DEVICE_FAMILY = "1,2";
			};
			name = Debug;
		};
		A5F7ACC6219170AE006DC855 /* Release */ = {
			isa = XCBuildConfiguration;
			buildSettings = {
				ASSETCATALOG_COMPILER_APPICON_NAME = AppIcon;
				CODE_SIGN_STYLE = Automatic;
				DEVELOPMENT_TEAM = KK2A393A7B;
				INFOPLIST_FILE = HKUApp/Info.plist;
				LD_RUNPATH_SEARCH_PATHS = (
					"$(inherited)",
					"@executable_path/Frameworks",
				);
				PRODUCT_BUNDLE_IDENTIFIER = duke.HKUApp;
				PRODUCT_NAME = "$(TARGET_NAME)";
				SWIFT_VERSION = 4.2;
				TARGETED_DEVICE_FAMILY = "1,2";
			};
			name = Release;
		};
		A5F7ACC8219170AE006DC855 /* Debug */ = {
			isa = XCBuildConfiguration;
			buildSettings = {
				ALWAYS_EMBED_SWIFT_STANDARD_LIBRARIES = YES;
				BUNDLE_LOADER = "$(TEST_HOST)";
				CODE_SIGN_STYLE = Automatic;
				INFOPLIST_FILE = HKUAppTests/Info.plist;
				LD_RUNPATH_SEARCH_PATHS = (
					"$(inherited)",
					"@executable_path/Frameworks",
					"@loader_path/Frameworks",
				);
				PRODUCT_BUNDLE_IDENTIFIER = testwordcollege.HKUAppTests;
				PRODUCT_NAME = "$(TARGET_NAME)";
				SWIFT_VERSION = 4.2;
				TARGETED_DEVICE_FAMILY = "1,2";
				TEST_HOST = "$(BUILT_PRODUCTS_DIR)/HKUApp.app/HKUApp";
			};
			name = Debug;
		};
		A5F7ACC9219170AE006DC855 /* Release */ = {
			isa = XCBuildConfiguration;
			buildSettings = {
				ALWAYS_EMBED_SWIFT_STANDARD_LIBRARIES = YES;
				BUNDLE_LOADER = "$(TEST_HOST)";
				CODE_SIGN_STYLE = Automatic;
				INFOPLIST_FILE = HKUAppTests/Info.plist;
				LD_RUNPATH_SEARCH_PATHS = (
					"$(inherited)",
					"@executable_path/Frameworks",
					"@loader_path/Frameworks",
				);
				PRODUCT_BUNDLE_IDENTIFIER = testwordcollege.HKUAppTests;
				PRODUCT_NAME = "$(TARGET_NAME)";
				SWIFT_VERSION = 4.2;
				TARGETED_DEVICE_FAMILY = "1,2";
				TEST_HOST = "$(BUILT_PRODUCTS_DIR)/HKUApp.app/HKUApp";
			};
			name = Release;
		};
		A5F7ACCB219170AE006DC855 /* Debug */ = {
			isa = XCBuildConfiguration;
			buildSettings = {
				ALWAYS_EMBED_SWIFT_STANDARD_LIBRARIES = YES;
				CODE_SIGN_STYLE = Automatic;
				INFOPLIST_FILE = HKUAppUITests/Info.plist;
				LD_RUNPATH_SEARCH_PATHS = (
					"$(inherited)",
					"@executable_path/Frameworks",
					"@loader_path/Frameworks",
				);
				PRODUCT_BUNDLE_IDENTIFIER = testwordcollege.HKUAppUITests;
				PRODUCT_NAME = "$(TARGET_NAME)";
				SWIFT_VERSION = 4.2;
				TARGETED_DEVICE_FAMILY = "1,2";
				TEST_TARGET_NAME = HKUApp;
			};
			name = Debug;
		};
		A5F7ACCC219170AE006DC855 /* Release */ = {
			isa = XCBuildConfiguration;
			buildSettings = {
				ALWAYS_EMBED_SWIFT_STANDARD_LIBRARIES = YES;
				CODE_SIGN_STYLE = Automatic;
				INFOPLIST_FILE = HKUAppUITests/Info.plist;
				LD_RUNPATH_SEARCH_PATHS = (
					"$(inherited)",
					"@executable_path/Frameworks",
					"@loader_path/Frameworks",
				);
				PRODUCT_BUNDLE_IDENTIFIER = testwordcollege.HKUAppUITests;
				PRODUCT_NAME = "$(TARGET_NAME)";
				SWIFT_VERSION = 4.2;
				TARGETED_DEVICE_FAMILY = "1,2";
				TEST_TARGET_NAME = HKUApp;
			};
			name = Release;
		};
/* End XCBuildConfiguration section */

/* Begin XCConfigurationList section */
		A5F7AC95219170AC006DC855 /* Build configuration list for PBXProject "HKUApp" */ = {
			isa = XCConfigurationList;
			buildConfigurations = (
				A5F7ACC2219170AE006DC855 /* Debug */,
				A5F7ACC3219170AE006DC855 /* Release */,
			);
			defaultConfigurationIsVisible = 0;
			defaultConfigurationName = Release;
		};
		A5F7ACC4219170AE006DC855 /* Build configuration list for PBXNativeTarget "HKUApp" */ = {
			isa = XCConfigurationList;
			buildConfigurations = (
				A5F7ACC5219170AE006DC855 /* Debug */,
				A5F7ACC6219170AE006DC855 /* Release */,
			);
			defaultConfigurationIsVisible = 0;
			defaultConfigurationName = Release;
		};
		A5F7ACC7219170AE006DC855 /* Build configuration list for PBXNativeTarget "HKUAppTests" */ = {
			isa = XCConfigurationList;
			buildConfigurations = (
				A5F7ACC8219170AE006DC855 /* Debug */,
				A5F7ACC9219170AE006DC855 /* Release */,
			);
			defaultConfigurationIsVisible = 0;
			defaultConfigurationName = Release;
		};
		A5F7ACCA219170AE006DC855 /* Build configuration list for PBXNativeTarget "HKUAppUITests" */ = {
			isa = XCConfigurationList;
			buildConfigurations = (
				A5F7ACCB219170AE006DC855 /* Debug */,
				A5F7ACCC219170AE006DC855 /* Release */,
			);
			defaultConfigurationIsVisible = 0;
			defaultConfigurationName = Release;
		};
/* End XCConfigurationList section */
	};
	rootObject = A5F7AC92219170AC006DC855 /* Project object */;
}
